
Microsoft Visual Studio Solution File, Format Version 12.00
# Visual Studio Version 16
VisualStudioVersion = 16.0.31605.320
MinimumVisualStudioVersion = 10.0.40219.1
Project("{FAE04EC0-301F-11D3-BF4B-00C04F79EFBC}") = "PodroznikApp", "PodroznikApp\PodroznikApp.csproj", "{06A42B26-6A8F-4672-A16A-E401EF46D5FE}"
EndProject
Project("{FAE04EC0-301F-11D3-BF4B-00C04F79EFBC}") = "PodroznikApp.Test", "PodroznikApp.Test\PodroznikApp.Test.csproj", "{4E645524-4BFA-4579-9F8C-0FE0AED8D1D4}"
EndProject
Global
	GlobalSection(SolutionConfigurationPlatforms) = preSolution
		Debug|Any CPU = Debug|Any CPU
		Release|Any CPU = Release|Any CPU
	EndGlobalSection
	GlobalSection(ProjectConfigurationPlatforms) = postSolution
		{06A42B26-6A8F-4672-A16A-E401EF46D5FE}.Debug|Any CPU.ActiveCfg = Debug|Any CPU
		{06A42B26-6A8F-4672-A16A-E401EF46D5FE}.Debug|Any CPU.Build.0 = Debug|Any CPU
		{06A42B26-6A8F-4672-A16A-E401EF46D5FE}.Release|Any CPU.ActiveCfg = Release|Any CPU
		{06A42B26-6A8F-4672-A16A-E401EF46D5FE}.Release|Any CPU.Build.0 = Release|Any CPU
		{4E645524-4BFA-4579-9F8C-0FE0AED8D1D4}.Debug|Any CPU.ActiveCfg = Debug|Any CPU
		{4E645524-4BFA-4579-9F8C-0FE0AED8D1D4}.Debug|Any CPU.Build.0 = Debug|Any CPU
		{4E645524-4BFA-4579-9F8C-0FE0AED8D1D4}.Release|Any CPU.ActiveCfg = Release|Any CPU
		{4E645524-4BFA-4579-9F8C-0FE0AED8D1D4}.Release|Any CPU.Build.0 = Release|Any CPU
	EndGlobalSection
	GlobalSection(SolutionProperties) = preSolution
		HideSolutionNode = FALSE
	EndGlobalSection
	GlobalSection(ExtensibilityGlobals) = postSolution
		SolutionGuid = {17277CBA-F4D6-4B43-B489-BC281F7FB6D5}
	EndGlobalSection
EndGlobal
